# @generated - this file is auto-generated by `mise lock` https://mise.jdx.dev/dev-tools/mise-lock.html

[[tools.just]]
version = "1.56.0"
backend = "aqua:casey/just"

[tools.just."platforms.linux-arm64"]
checksum = "sha256:c8c1d656e9f47569ec1ae2bf8779af2621cdeea6bbbba3b0cacd64f951d25e2b"
url = "https://github.com/casey/just/releases/download/1.56.0/just-1.56.0-aarch64-unknown-linux-musl.tar.gz"
url_api = "https://api.github.com/repos/casey/just/releases/assets/472074960"

[tools.just."platforms.linux-arm64-musl"]
checksum = "sha256:c8c1d656e9f47569ec1ae2bf8779af2621cdeea6bbbba3b0cacd64f951d25e2b"
url = "https://github.com/casey/just/releases/download/1.56.0/just-1.56.0-aarch64-unknown-linux-musl.tar.gz"
url_api = "https://api.github.com/repos/casey/just/releases/assets/472074960"

[tools.just."platforms.linux-x64"]
checksum = "sha256:fa2a8ec1015d9df5330941ade12437488fc40d33f9c9f8cd4eb70a26de11b639"
url = "https://github.com/casey/just/releases/download/1.56.0/just-1.56.0-x86_64-unknown-linux-musl.tar.gz"
url_api = "https://api.github.com/repos/casey/just/releases/assets/472074624"

[tools.just."platforms.linux-x64-musl"]
checksum = "sha256:fa2a8ec1015d9df5330941ade12437488fc40d33f9c9f8cd4eb70a26de11b639"
url = "https://github.com/casey/just/releases/download/1.56.0/just-1.56.0-x86_64-unknown-linux-musl.tar.gz"
url_api = "https://api.github.com/repos/casey/just/releases/assets/472074624"

[tools.just."platforms.macos-arm64"]
checksum = "sha256:f35798d4bcdc4db020eef7d2853ad98bbfb97a4d29ee695ba042f18e7fedcc11"
url = "https://github.com/casey/just/releases/download/1.56.0/just-1.56.0-aarch64-apple-darwin.tar.gz"
url_api = "https://api.github.com/repos/casey/just/releases/assets/472074635"

[tools.just."platforms.macos-x64"]
checksum = "sha256:09b35ff6d17023ffae37ce408d1a78a976d9e001cae54b88e238f7f40db9b783"
url = "https://github.com/casey/just/releases/download/1.56.0/just-1.56.0-x86_64-apple-darwin.tar.gz"
url_api = "https://api.github.com/repos/casey/just/releases/assets/472074650"

[tools.just."platforms.windows-x64"]
checksum = "sha256:804f5b2fe94291d0df38fd8dfc5620afbf3496f8f11c1915b42a87323234f0ba"
url = "https://github.com/casey/just/releases/download/1.56.0/just-1.56.0-x86_64-pc-windows-msvc.zip"
url_api = "https://api.github.com/repos/casey/just/releases/assets/472075917"

[[tools.shellcheck]]
version = "0.11.0"
backend = "aqua:koalaman/shellcheck"

[tools.shellcheck."platforms.linux-arm64"]
checksum = "sha256:12b331c1d2db6b9eb13cfca64306b1b157a86eb69db83023e261eaa7e7c14588"
url = "https://github.com/koalaman/shellcheck/releases/download/v0.11.0/shellcheck-v0.11.0.linux.aarch64.tar.xz"
url_api = "https://api.github.com/repos/koalaman/shellcheck/releases/assets/279056934"

[tools.shellcheck."platforms.linux-arm64-musl"]
checksum = "sha256:12b331c1d2db6b9eb13cfca64306b1b157a86eb69db83023e261eaa7e7c14588"
url = "https://github.com/koalaman/shellcheck/releases/download/v0.11.0/shellcheck-v0.11.0.linux.aarch64.tar.xz"
url_api = "https://api.github.com/repos/koalaman/shellcheck/releases/assets/279056934"

[tools.shellcheck."platforms.linux-x64"]
checksum = "sha256:8c3be12b05d5c177a04c29e3c78ce89ac86f1595681cab149b65b97c4e227198"
url = "https://github.com/koalaman/shellcheck/releases/download/v0.11.0/shellcheck-v0.11.0.linux.x86_64.tar.xz"
url_api = "https://api.github.com/repos/koalaman/shellcheck/releases/assets/279056942"

[tools.shellcheck."platforms.linux-x64-musl"]
checksum = "sha256:8c3be12b05d5c177a04c29e3c78ce89ac86f1595681cab149b65b97c4e227198"
url = "https://github.com/koalaman/shellcheck/releases/download/v0.11.0/shellcheck-v0.11.0.linux.x86_64.tar.xz"
url_api = "https://api.github.com/repos/koalaman/shellcheck/releases/assets/279056942"

[tools.shellcheck."platforms.macos-arm64"]
checksum = "sha256:56affdd8de5527894dca6dc3d7e0a99a873b0f004d7aabc30ae407d3f48b0a79"
url = "https://github.com/koalaman/shellcheck/releases/download/v0.11.0/shellcheck-v0.11.0.darwin.aarch64.tar.xz"
url_api = "https://api.github.com/repos/koalaman/shellcheck/releases/assets/279056932"

[tools.shellcheck."platforms.macos-x64"]
checksum = "sha256:3c89db4edcab7cf1c27bff178882e0f6f27f7afdf54e859fa041fca10febe4c6"
url = "https://github.com/koalaman/shellcheck/releases/download/v0.11.0/shellcheck-v0.11.0.darwin.x86_64.tar.xz"
url_api = "https://api.github.com/repos/koalaman/shellcheck/releases/assets/279056930"

[tools.shellcheck."platforms.windows-x64"]
checksum = "sha256:8a4e35ab0b331c85d73567b12f2a444df187f483e5079ceffa6bda1faa2e740e"
url = "https://github.com/koalaman/shellcheck/releases/download/v0.11.0/shellcheck-v0.11.0.zip"
url_api = "https://api.github.com/repos/koalaman/shellcheck/releases/assets/279056944"
